{
  "name": "@rokomari/vibe-kanban",
  "version": "1.0.0",
  "lockfileVersion": 3,
  "requires": true,
  "packages": {
    "": {
      "name": "@rokomari/vibe-kanban",
      "version": "1.0.0",
      "license": "MIT",
      "dependencies": {
        "vibe-kanban-team": "0.1.44-20260617110518"
      },
      "bin": {
        "rok-vibe-kanban": "bin/rok-vibe-kanban.js"
      },
      "engines": {
        "node": ">=20"
      }
    },
    "node_modules/adm-zip": {
      "version": "0.5.17",
      "resolved": "https://registry.npmjs.org/adm-zip/-/adm-zip-0.5.17.tgz",
      "integrity": "sha512-+Ut8d9LLqwEvHHJl1+PIHqoyDxFgVN847JTVM3Izi3xHDWPE4UtzzXysMZQs64DMcrJfBeS/uoEP4AD3HQHnQQ==",
      "engines": {
        "node": ">=12.0"
      }
    },
    "node_modules/cac": {
      "version": "7.0.0",
      "resolved": "https://registry.npmjs.org/cac/-/cac-7.0.0.tgz",
      "integrity": "sha512-tixWYgm5ZoOD+3g6UTea91eow5z6AAHaho3g0V9CNSNb45gM8SmflpAc+GRd1InC4AqN/07Unrgp56Y94N9hJQ==",
      "engines": {
        "node": ">=20.19.0"
      }
    },
    "node_modules/vibe-kanban-team": {
      "version": "0.1.44-20260617110518",
      "resolved": "https://registry.npmjs.org/vibe-kanban-team/-/vibe-kanban-team-0.1.44-20260617110518.tgz",
      "integrity": "sha512-Pij5bSH0agMyNSizl23bNeyd0EmJBCPKkEXWalXrJwpI/wG8I6kZSjM2yc5p47Xe1qvz53wT9BD6g+WsiA0m0A==",
      "dependencies": {
        "adm-zip": "^0.5.16",
        "cac": "^7.0.0"
      },
      "bin": {
        "vibe-kanban": "bin/cli.js"
      },
      "engines": {
        "node": ">=20.19.0"
      }
    }
  }
}
